// !$*UTF8*$!
{
	archiveVersion = 1;
	classes = {
	};
	objectVersion = 77;
	objects = {

/* Begin PBXBuildFile section */
		A51EDFBD2E900D4200F4BA87 /* Defaults in Frameworks */ = {isa = PBXBuildFile; productRef = A51EDFBC2E900D4200F4BA87 /* Defaults */; };
		A51EDFC02E900DD300F4BA87 /* Collections in Frameworks */ = {isa = PBXBuildFile; productRef = A51EDFBF2E900DD300F4BA87 /* Collections */; };
		A54386F12E9ABD62009B669F /* MachOKit in Frameworks */ = {isa = PBXBuildFile; productRef = A54386F02E9ABD62009B669F /* MachOKit */; };
		A58CF0FF2E8F30EF00106697 /* FactoryKit in Frameworks */ = {isa = PBXBuildFile; productRef = A58CF0FE2E8F30EF00106697 /* FactoryKit */; };
		A58CF1012E8F30EF00106697 /* FactoryTesting in Frameworks */ = {isa = PBXBuildFile; productRef = A58CF1002E8F30EF00106697 /* FactoryTesting */; };
		A5BB55392E9698C400DF8FC4 /* AnalysisKit in Frameworks */ = {isa = PBXBuildFile; productRef = A5BB55382E9698C400DF8FC4 /* AnalysisKit */; };
		A5BB553A2E9698C400DF8FC4 /* AnalysisKit in Embed Frameworks */ = {isa = PBXBuildFile; productRef = A5BB55382E9698C400DF8FC4 /* AnalysisKit */; settings = {ATTRIBUTES = (CodeSignOnCopy, ); }; };
		A5BB553C2E9698C700DF8FC4 /* DarwinKit in Frameworks */ = {isa = PBXBuildFile; productRef = A5BB553B2E9698C700DF8FC4 /* DarwinKit */; };
		A5BB553D2E9698C700DF8FC4 /* DarwinKit in Embed Frameworks */ = {isa = PBXBuildFile; productRef = A5BB553B2E9698C700DF8FC4 /* DarwinKit */; settings = {ATTRIBUTES = (CodeSignOnCopy, ); }; };
		A5BB553F2E9698CA00DF8FC4 /* DataKit in Frameworks */ = {isa = PBXBuildFile; productRef = A5BB553E2E9698CA00DF8FC4 /* DataKit */; };
		A5BB55402E9698CA00DF8FC4 /* DataKit in Embed Frameworks */ = {isa = PBXBuildFile; productRef = A5BB553E2E9698CA00DF8FC4 /* DataKit */; settings = {ATTRIBUTES = (CodeSignOnCopy, ); }; };
		A5BB55422E9698CD00DF8FC4 /* DebugKit in Frameworks */ = {isa = PBXBuildFile; productRef = A5BB55412E9698CD00DF8FC4 /* DebugKit */; };
		A5BB55432E9698CD00DF8FC4 /* DebugKit in Embed Frameworks */ = {isa = PBXBuildFile; productRef = A5BB55412E9698CD00DF8FC4 /* DebugKit */; settings = {ATTRIBUTES = (CodeSignOnCopy, ); }; };
		A5BB55452E9698CF00DF8FC4 /* DisassemblyKit in Frameworks */ = {isa = PBXBuildFile; productRef = A5BB55442E9698CF00DF8FC4 /* DisassemblyKit */; };
		A5BB55462E9698CF00DF8FC4 /* DisassemblyKit in Embed Frameworks */ = {isa = PBXBuildFile; productRef = A5BB55442E9698CF00DF8FC4 /* DisassemblyKit */; settings = {ATTRIBUTES = (CodeSignOnCopy, ); }; };
		A5BB55482E9698D300DF8FC4 /* FoundationKit in Frameworks */ = {isa = PBXBuildFile; productRef = A5BB55472E9698D300DF8FC4 /* FoundationKit */; };
		A5BB55492E9698D300DF8FC4 /* FoundationKit in Embed Frameworks */ = {isa = PBXBuildFile; productRef = A5BB55472E9698D300DF8FC4 /* FoundationKit */; settings = {ATTRIBUTES = (CodeSignOnCopy, ); }; };
		A5BB554B2E9698D800DF8FC4 /* GraphKit in Frameworks */ = {isa = PBXBuildFile; productRef = A5BB554A2E9698D800DF8FC4 /* GraphKit */; };
		A5BB554C2E9698D800DF8FC4 /* GraphKit in Embed Frameworks */ = {isa = PBXBuildFile; productRef = A5BB554A2E9698D800DF8FC4 /* GraphKit */; settings = {ATTRIBUTES = (CodeSignOnCopy, ); }; };
		A5BB55512E9698E000DF8FC4 /* PluginKit in Frameworks */ = {isa = PBXBuildFile; productRef = A5BB55502E9698E000DF8FC4 /* PluginKit */; };
		A5BB55522E9698E000DF8FC4 /* PluginKit in Embed Frameworks */ = {isa = PBXBuildFile; productRef = A5BB55502E9698E000DF8FC4 /* PluginKit */; settings = {ATTRIBUTES = (CodeSignOnCopy, ); }; };
		A5BB55542E9698E400DF8FC4 /* SwiftUIKit in Frameworks */ = {isa = PBXBuildFile; productRef = A5BB55532E9698E400DF8FC4 /* SwiftUIKit */; };
		A5BB55552E9698E400DF8FC4 /* SwiftUIKit in Embed Frameworks */ = {isa = PBXBuildFile; productRef = A5BB55532E9698E400DF8FC4 /* SwiftUIKit */; settings = {ATTRIBUTES = (CodeSignOnCopy, ); }; };
		A5BB55572E9698E900DF8FC4 /* SyntaxKit in Frameworks */ = {isa = PBXBuildFile; productRef = A5BB55562E9698E900DF8FC4 /* SyntaxKit */; };
		A5BB55582E9698E900DF8FC4 /* SyntaxKit in Embed Frameworks */ = {isa = PBXBuildFile; productRef = A5BB55562E9698E900DF8FC4 /* SyntaxKit */; settings = {ATTRIBUTES = (CodeSignOnCopy, ); }; };
/* End PBXBuildFile section */

/* Begin PBXContainerItemProxy section */
		A58CE84D2E8F1C7000106697 /* PBXContainerItemProxy */ = {
			isa = PBXContainerItemProxy;
			containerPortal = A58CE8372E8F1C6E00106697 /* Project object */;
			proxyType = 1;
			remoteGlobalIDString = A58CE83E2E8F1C6E00106697;
			remoteInfo = Ignite;
		};
		A58CE8572E8F1C7000106697 /* PBXContainerItemProxy */ = {
			isa = PBXContainerItemProxy;
			containerPortal = A58CE8372E8F1C6E00106697 /* Project object */;
			proxyType = 1;
			remoteGlobalIDString = A58CE83E2E8F1C6E00106697;
			remoteInfo = Ignite;
		};
/* End PBXContainerItemProxy section */

/* Begin PBXCopyFilesBuildPhase section */
		A51EDFD62E907BE600F4BA87 /* Embed Frameworks */ = {
			isa = PBXCopyFilesBuildPhase;
			buildActionMask = 2147483647;
			dstPath = "";
			dstSubfolderSpec = 10;
			files = (
				A5BB55402E9698CA00DF8FC4 /* DataKit in Embed Frameworks */,
				A5BB55462E9698CF00DF8FC4 /* DisassemblyKit in Embed Frameworks */,
				A5BB55552E9698E400DF8FC4 /* SwiftUIKit in Embed Frameworks */,
				A5BB55522E9698E000DF8FC4 /* PluginKit in Embed Frameworks */,
				A5BB553D2E9698C700DF8FC4 /* DarwinKit in Embed Frameworks */,
				A5BB553A2E9698C400DF8FC4 /* AnalysisKit in Embed Frameworks */,
				A5BB554C2E9698D800DF8FC4 /* GraphKit in Embed Frameworks */,
				A5BB55582E9698E900DF8FC4 /* SyntaxKit in Embed Frameworks */,
				A5BB55492E9698D300DF8FC4 /* FoundationKit in Embed Frameworks */,
				A5BB55432E9698CD00DF8FC4 /* DebugKit in Embed Frameworks */,
			);
			name = "Embed Frameworks";
			runOnlyForDeploymentPostprocessing = 0;
		};
/* End PBXCopyFilesBuildPhase section */

/* Begin PBXFileReference section */
		A58CE83F2E8F1C6E00106697 /* Ignite Development.app */ = {isa = PBXFileReference; explicitFileType = wrapper.application; includeInIndex = 0; path = "Ignite Development.app"; sourceTree = BUILT_PRODUCTS_DIR; };
		A58CE84C2E8F1C7000106697 /* IgniteTests.xctest */ = {isa = PBXFileReference; explicitFileType = wrapper.cfbundle; includeInIndex = 0; path = IgniteTests.xctest; sourceTree = BUILT_PRODUCTS_DIR; };
		A58CE8562E8F1C7000106697 /* IgniteUITests.xctest */ = {isa = PBXFileReference; explicitFileType = wrapper.cfbundle; includeInIndex = 0; path = IgniteUITests.xctest; sourceTree = BUILT_PRODUCTS_DIR; };
/* End PBXFileReference section */

/* Begin PBXFileSystemSynchronizedBuildFileExceptionSet section */
		A51EDFC22E9011CE00F4BA87 /* Exceptions for "Packages" folder in "Ignite" target */ = {
			isa = PBXFileSystemSynchronizedBuildFileExceptionSet;
			membershipExceptions = (
				AnalysisKit,
				DarwinKit,
				DataKit,
				DebugKit,
				DisassemblyKit,
				FoundationKit,
				GraphKit,
				PluginKit,
				SwiftUIKit,
				SyntaxKit,
			);
			target = A58CE83E2E8F1C6E00106697 /* Ignite */;
		};
		A58CF0A42E8F21A000106697 /* Exceptions for "Configs" folder in "Ignite" target */ = {
			isa = PBXFileSystemSynchronizedBuildFileExceptionSet;
			membershipExceptions = (
				Base.xcconfig,
				Development.xcconfig,
				Production.xcconfig,
				Staging.xcconfig,
			);
			target = A58CE83E2E8F1C6E00106697 /* Ignite */;
		};
		A58CF0A52E8F21A000106697 /* Exceptions for "Documentation" folder in "Ignite" target */ = {
			isa = PBXFileSystemSynchronizedBuildFileExceptionSet;
			membershipExceptions = (
				Building.md,
				Testing.md,
				Troubleshooting.md,
				Versioning.md,
			);
			target = A58CE83E2E8F1C6E00106697 /* Ignite */;
		};
		A58CF0A62E8F21A000106697 /* Exceptions for "Resources" folder in "Ignite" target */ = {
			isa = PBXFileSystemSynchronizedBuildFileExceptionSet;
			membershipExceptions = (
				.gitkeep,
			);
			target = A58CE83E2E8F1C6E00106697 /* Ignite */;
		};
		A58CF0A72E8F21A300106697 /* Exceptions for "Meta" folder in "Ignite" target */ = {
			isa = PBXFileSystemSynchronizedBuildFileExceptionSet;
			membershipExceptions = (
				.gitkeep,
			);
			target = A58CE83E2E8F1C6E00106697 /* Ignite */;
		};
		A58CF0FC2E8F248500106697 /* Exceptions for "Ignite" folder in "Ignite" target */ = {
			isa = PBXFileSystemSynchronizedBuildFileExceptionSet;
			membershipExceptions = (
				Scenes/Debugger/Features/Breakpoints/Components/.gitkeep,
				"Scenes/Debugger/Features/Call Stack/Components/.gitkeep",
				Scenes/Debugger/Features/Disassembly/Components/.gitkeep,
				Scenes/Debugger/Features/Graph/Components/.gitkeep,
				Scenes/Debugger/Features/Log/Components/.gitkeep,
				Scenes/Debugger/Features/MachO/Components/.gitkeep,
				"Scenes/Debugger/Features/Memory Map/Components/.gitkeep",
				Scenes/Debugger/Features/Notes/Components/.gitkeep,
				Services/.gitkeep,
			);
			target = A58CE83E2E8F1C6E00106697 /* Ignite */;
		};
/* End PBXFileSystemSynchronizedBuildFileExceptionSet section */

/* Begin PBXFileSystemSynchronizedRootGroup section */
		A58CE8412E8F1C6E00106697 /* Ignite */ = {
			isa = PBXFileSystemSynchronizedRootGroup;
			exceptions = (
				A58CF0FC2E8F248500106697 /* Exceptions for "Ignite" folder in "Ignite" target */,
			);
			path = Ignite;
			sourceTree = "<group>";
		};
		A58CE84F2E8F1C7000106697 /* IgniteTests */ = {
			isa = PBXFileSystemSynchronizedRootGroup;
			path = IgniteTests;
			sourceTree = "<group>";
		};
		A58CE8592E8F1C7000106697 /* IgniteUITests */ = {
			isa = PBXFileSystemSynchronizedRootGroup;
			path = IgniteUITests;
			sourceTree = "<group>";
		};
		A58CF0332E8F1CF400106697 /* Configs */ = {
			isa = PBXFileSystemSynchronizedRootGroup;
			exceptions = (
				A58CF0A42E8F21A000106697 /* Exceptions for "Configs" folder in "Ignite" target */,
			);
			path = Configs;
			sourceTree = "<group>";
		};
		A58CF0342E8F1CFE00106697 /* Documentation */ = {
			isa = PBXFileSystemSynchronizedRootGroup;
			exceptions = (
				A58CF0A52E8F21A000106697 /* Exceptions for "Documentation" folder in "Ignite" target */,
			);
			path = Documentation;
			sourceTree = "<group>";
		};
		A58CF0352E8F1D0800106697 /* Meta */ = {
			isa = PBXFileSystemSynchronizedRootGroup;
			exceptions = (
				A58CF0A72E8F21A300106697 /* Exceptions for "Meta" folder in "Ignite" target */,
			);
			path = Meta;
			sourceTree = "<group>";
		};
		A58CF0362E8F1D1500106697 /* Resources */ = {
			isa = PBXFileSystemSynchronizedRootGroup;
			exceptions = (
				A58CF0A62E8F21A000106697 /* Exceptions for "Resources" folder in "Ignite" target */,
			);
			path = Resources;
			sourceTree = "<group>";
		};
		A58CF09D2E8F208500106697 /* Packages */ = {
			isa = PBXFileSystemSynchronizedRootGroup;
			exceptions = (
				A51EDFC22E9011CE00F4BA87 /* Exceptions for "Packages" folder in "Ignite" target */,
			);
			path = Packages;
			sourceTree = "<group>";
		};
/* End PBXFileSystemSynchronizedRootGroup section */

/* Begin PBXFrameworksBuildPhase section */
		A58CE83C2E8F1C6E00106697 /* Frameworks */ = {
			isa = PBXFrameworksBuildPhase;
			buildActionMask = 2147483647;
			files = (
				A5BB55572E9698E900DF8FC4 /* SyntaxKit in Frameworks */,
				A5BB55512E9698E000DF8FC4 /* PluginKit in Frameworks */,
				A54386F12E9ABD62009B669F /* MachOKit in Frameworks */,
				A5BB554B2E9698D800DF8FC4 /* GraphKit in Frameworks */,
				A5BB55422E9698CD00DF8FC4 /* DebugKit in Frameworks */,
				A5BB553C2E9698C700DF8FC4 /* DarwinKit in Frameworks */,
				A51EDFC02E900DD300F4BA87 /* Collections in Frameworks */,
				A51EDFBD2E900D4200F4BA87 /* Defaults in Frameworks */,
				A5BB553F2E9698CA00DF8FC4 /* DataKit in Frameworks */,
				A58CF0FF2E8F30EF00106697 /* FactoryKit in Frameworks */,
				A5BB55542E9698E400DF8FC4 /* SwiftUIKit in Frameworks */,
				A5BB55452E9698CF00DF8FC4 /* DisassemblyKit in Frameworks */,
				A5BB55482E9698D300DF8FC4 /* FoundationKit in Frameworks */,
				A5BB55392E9698C400DF8FC4 /* AnalysisKit in Frameworks */,
			);
			runOnlyForDeploymentPostprocessing = 0;
		};
		A58CE8492E8F1C7000106697 /* Frameworks */ = {
			isa = PBXFrameworksBuildPhase;
			buildActionMask = 2147483647;
			files = (
				A58CF1012E8F30EF00106697 /* FactoryTesting in Frameworks */,
			);
			runOnlyForDeploymentPostprocessing = 0;
		};
		A58CE8532E8F1C7000106697 /* Frameworks */ = {
			isa = PBXFrameworksBuildPhase;
			buildActionMask = 2147483647;
			files = (
			);
			runOnlyForDeploymentPostprocessing = 0;
		};
/* End PBXFrameworksBuildPhase section */

/* Begin PBXGroup section */
		A58CE8362E8F1C6E00106697 = {
			isa = PBXGroup;
			children = (
				A58CF0332E8F1CF400106697 /* Configs */,
				A58CF0342E8F1CFE00106697 /* Documentation */,
				A58CF0352E8F1D0800106697 /* Meta */,
				A58CF09D2E8F208500106697 /* Packages */,
				A58CF0362E8F1D1500106697 /* Resources */,
				A58CE8412E8F1C6E00106697 /* Ignite */,
				A58CE84F2E8F1C7000106697 /* IgniteTests */,
				A58CE8592E8F1C7000106697 /* IgniteUITests */,
				A58CF0552E8F1FF100106697 /* Frameworks */,
				A58CE8402E8F1C6E00106697 /* Products */,
			);
			sourceTree = "<group>";
		};
		A58CE8402E8F1C6E00106697 /* Products */ = {
			isa = PBXGroup;
			children = (
				A58CE83F2E8F1C6E00106697 /* Ignite Development.app */,
				A58CE84C2E8F1C7000106697 /* IgniteTests.xctest */,
				A58CE8562E8F1C7000106697 /* IgniteUITests.xctest */,
			);
			name = Products;
			sourceTree = "<group>";
		};
		A58CF0552E8F1FF100106697 /* Frameworks */ = {
			isa = PBXGroup;
			children = (
			);
			name = Frameworks;
			sourceTree = "<group>";
		};
/* End PBXGroup section */

/* Begin PBXNativeTarget section */
		A58CE83E2E8F1C6E00106697 /* Ignite */ = {
			isa = PBXNativeTarget;
			buildConfigurationList = A58CE8602E8F1C7000106697 /* Build configuration list for PBXNativeTarget "Ignite" */;
			buildPhases = (
				A58CE83B2E8F1C6E00106697 /* Sources */,
				A58CE83C2E8F1C6E00106697 /* Frameworks */,
				A58CE83D2E8F1C6E00106697 /* Resources */,
				A51EDFD62E907BE600F4BA87 /* Embed Frameworks */,
			);
			buildRules = (
			);
			dependencies = (
			);
			fileSystemSynchronizedGroups = (
				A58CE8412E8F1C6E00106697 /* Ignite */,
				A58CF0332E8F1CF400106697 /* Configs */,
				A58CF0342E8F1CFE00106697 /* Documentation */,
				A58CF0352E8F1D0800106697 /* Meta */,
				A58CF0362E8F1D1500106697 /* Resources */,
				A58CF09D2E8F208500106697 /* Packages */,
			);
			name = Ignite;
			packageProductDependencies = (
				A58CF0FE2E8F30EF00106697 /* FactoryKit */,
				A51EDFBC2E900D4200F4BA87 /* Defaults */,
				A51EDFBF2E900DD300F4BA87 /* Collections */,
				A5BB55382E9698C400DF8FC4 /* AnalysisKit */,
				A5BB553B2E9698C700DF8FC4 /* DarwinKit */,
				A5BB553E2E9698CA00DF8FC4 /* DataKit */,
				A5BB55412E9698CD00DF8FC4 /* DebugKit */,
				A5BB55442E9698CF00DF8FC4 /* DisassemblyKit */,
				A5BB55472E9698D300DF8FC4 /* FoundationKit */,
				A5BB554A2E9698D800DF8FC4 /* GraphKit */,
				A5BB55502E9698E000DF8FC4 /* PluginKit */,
				A5BB55532E9698E400DF8FC4 /* SwiftUIKit */,
				A5BB55562E9698E900DF8FC4 /* SyntaxKit */,
				A54386F02E9ABD62009B669F /* MachOKit */,
			);
			productName = Ignite;
			productReference = A58CE83F2E8F1C6E00106697 /* Ignite Development.app */;
			productType = "com.apple.product-type.application";
		};
		A58CE84B2E8F1C7000106697 /* IgniteTests */ = {
			isa = PBXNativeTarget;
			buildConfigurationList = A58CE8632E8F1C7000106697 /* Build configuration list for PBXNativeTarget "IgniteTests" */;
			buildPhases = (
				A58CE8482E8F1C7000106697 /* Sources */,
				A58CE8492E8F1C7000106697 /* Frameworks */,
				A58CE84A2E8F1C7000106697 /* Resources */,
			);
			buildRules = (
			);
			dependencies = (
				A58CE84E2E8F1C7000106697 /* PBXTargetDependency */,
			);
			fileSystemSynchronizedGroups = (
				A58CE84F2E8F1C7000106697 /* IgniteTests */,
			);
			name = IgniteTests;
			packageProductDependencies = (
				A58CF1002E8F30EF00106697 /* FactoryTesting */,
			);
			productName = IgniteTests;
			productReference = A58CE84C2E8F1C7000106697 /* IgniteTests.xctest */;
			productType = "com.apple.product-type.bundle.unit-test";
		};
		A58CE8552E8F1C7000106697 /* IgniteUITests */ = {
			isa = PBXNativeTarget;
			buildConfigurationList = A58CE8662E8F1C7000106697 /* Build configuration list for PBXNativeTarget "IgniteUITests" */;
			buildPhases = (
				A58CE8522E8F1C7000106697 /* Sources */,
				A58CE8532E8F1C7000106697 /* Frameworks */,
				A58CE8542E8F1C7000106697 /* Resources */,
			);
			buildRules = (
			);
			dependencies = (
				A58CE8582E8F1C7000106697 /* PBXTargetDependency */,
			);
			fileSystemSynchronizedGroups = (
				A58CE8592E8F1C7000106697 /* IgniteUITests */,
			);
			name = IgniteUITests;
			packageProductDependencies = (
			);
			productName = IgniteUITests;
			productReference = A58CE8562E8F1C7000106697 /* IgniteUITests.xctest */;
			productType = "com.apple.product-type.bundle.ui-testing";
		};
/* End PBXNativeTarget section */

/* Begin PBXProject section */
		A58CE8372E8F1C6E00106697 /* Project object */ = {
			isa = PBXProject;
			attributes = {
				BuildIndependentTargetsInParallel = 1;
				LastSwiftUpdateCheck = 2600;
				LastUpgradeCheck = 2600;
				TargetAttributes = {
					A58CE83E2E8F1C6E00106697 = {
						CreatedOnToolsVersion = 26.0.1;
					};
					A58CE84B2E8F1C7000106697 = {
						CreatedOnToolsVersion = 26.0.1;
						TestTargetID = A58CE83E2E8F1C6E00106697;
					};
					A58CE8552E8F1C7000106697 = {
						CreatedOnToolsVersion = 26.0.1;
						TestTargetID = A58CE83E2E8F1C6E00106697;
					};
				};
			};
			buildConfigurationList = A58CE83A2E8F1C6E00106697 /* Build configuration list for PBXProject "Ignite" */;
			developmentRegion = en;
			hasScannedForEncodings = 0;
			knownRegions = (
				en,
				Base,
			);
			mainGroup = A58CE8362E8F1C6E00106697;
			minimizedProjectReferenceProxies = 1;
			packageReferences = (
				A58CF0FD2E8F30EF00106697 /* XCRemoteSwiftPackageReference "Factory" */,
				A51EDFBB2E900D4200F4BA87 /* XCRemoteSwiftPackageReference "Defaults" */,
				A51EDFBE2E900DD300F4BA87 /* XCRemoteSwiftPackageReference "swift-collections" */,
				A54386EF2E9ABD62009B669F /* XCRemoteSwiftPackageReference "MachOKit" */,
			);
			preferredProjectObjectVersion = 77;
			productRefGroup = A58CE8402E8F1C6E00106697 /* Products */;
			projectDirPath = "";
			projectRoot = "";
			targets = (
				A58CE83E2E8F1C6E00106697 /* Ignite */,
				A58CE84B2E8F1C7000106697 /* IgniteTests */,
				A58CE8552E8F1C7000106697 /* IgniteUITests */,
			);
		};
/* End PBXProject section */

/* Begin PBXResourcesBuildPhase section */
		A58CE83D2E8F1C6E00106697 /* Resources */ = {
			isa = PBXResourcesBuildPhase;
			buildActionMask = 2147483647;
			files = (
			);
			runOnlyForDeploymentPostprocessing = 0;
		};
		A58CE84A2E8F1C7000106697 /* Resources */ = {
			isa = PBXResourcesBuildPhase;
			buildActionMask = 2147483647;
			files = (
			);
			runOnlyForDeploymentPostprocessing = 0;
		};
		A58CE8542E8F1C7000106697 /* Resources */ = {
			isa = PBXResourcesBuildPhase;
			buildActionMask = 2147483647;
			files = (
			);
			runOnlyForDeploymentPostprocessing = 0;
		};
/* End PBXResourcesBuildPhase section */

/* Begin PBXSourcesBuildPhase section */
		A58CE83B2E8F1C6E00106697 /* Sources */ = {
			isa = PBXSourcesBuildPhase;
			buildActionMask = 2147483647;
			files = (
			);
			runOnlyForDeploymentPostprocessing = 0;
		};
		A58CE8482E8F1C7000106697 /* Sources */ = {
			isa = PBXSourcesBuildPhase;
			buildActionMask = 2147483647;
			files = (
			);
			runOnlyForDeploymentPostprocessing = 0;
		};
		A58CE8522E8F1C7000106697 /* Sources */ = {
			isa = PBXSourcesBuildPhase;
			buildActionMask = 2147483647;
			files = (
			);
			runOnlyForDeploymentPostprocessing = 0;
		};
/* End PBXSourcesBuildPhase section */

/* Begin PBXTargetDependency section */
		A58CE84E2E8F1C7000106697 /* PBXTargetDependency */ = {
			isa = PBXTargetDependency;
			target = A58CE83E2E8F1C6E00106697 /* Ignite */;
			targetProxy = A58CE84D2E8F1C7000106697 /* PBXContainerItemProxy */;
		};
		A58CE8582E8F1C7000106697 /* PBXTargetDependency */ = {
			isa = PBXTargetDependency;
			target = A58CE83E2E8F1C6E00106697 /* Ignite */;
			targetProxy = A58CE8572E8F1C7000106697 /* PBXContainerItemProxy */;
		};
/* End PBXTargetDependency section */

/* Begin XCBuildConfiguration section */
		A58CE85E2E8F1C7000106697 /* Ignite Debug Development */ = {
			isa = XCBuildConfiguration;
			baseConfigurationReferenceAnchor = A58CF0332E8F1CF400106697 /* Configs */;
			baseConfigurationReferenceRelativePath = Base.xcconfig;
			buildSettings = {
				ALWAYS_SEARCH_USER_PATHS = NO;
				ASSETCATALOG_COMPILER_GENERATE_SWIFT_ASSET_SYMBOL_EXTENSIONS = YES;
				CLANG_ANALYZER_NONNULL = YES;
				CLANG_ANALYZER_NUMBER_OBJECT_CONVERSION = YES_AGGRESSIVE;
				CLANG_CXX_LANGUAGE_STANDARD = "gnu++20";
				CLANG_ENABLE_MODULES = YES;
				CLANG_ENABLE_OBJC_ARC = YES;
				CLANG_ENABLE_OBJC_WEAK = YES;
				CLANG_WARN_BLOCK_CAPTURE_AUTORELEASING = YES;
				CLANG_WARN_BOOL_CONVERSION = YES;
				CLANG_WARN_COMMA = YES;
				CLANG_WARN_CONSTANT_CONVERSION = YES;
				CLANG_WARN_DEPRECATED_OBJC_IMPLEMENTATIONS = YES;
				CLANG_WARN_DIRECT_OBJC_ISA_USAGE = YES_ERROR;
				CLANG_WARN_DOCUMENTATION_COMMENTS = YES;
				CLANG_WARN_EMPTY_BODY = YES;
				CLANG_WARN_ENUM_CONVERSION = YES;
				CLANG_WARN_INFINITE_RECURSION = YES;
				CLANG_WARN_INT_CONVERSION = YES;
				CLANG_WARN_NON_LITERAL_NULL_CONVERSION = YES;
				CLANG_WARN_OBJC_IMPLICIT_RETAIN_SELF = YES;
				CLANG_WARN_OBJC_LITERAL_CONVERSION = YES;
				CLANG_WARN_OBJC_ROOT_CLASS = YES_ERROR;
				CLANG_WARN_QUOTED_INCLUDE_IN_FRAMEWORK_HEADER = YES;
				CLANG_WARN_RANGE_LOOP_ANALYSIS = YES;
				CLANG_WARN_STRICT_PROTOTYPES = YES;
				CLANG_WARN_SUSPICIOUS_MOVE = YES;
				CLANG_WARN_UNGUARDED_AVAILABILITY = YES_AGGRESSIVE;
				CLANG_WARN_UNREACHABLE_CODE = YES;
				CLANG_WARN__DUPLICATE_METHOD_MATCH = YES;
				COPY_PHASE_STRIP = NO;
				DEAD_CODE_STRIPPING = YES;
				DEBUG_INFORMATION_FORMAT = dwarf;
				DEVELOPMENT_TEAM = 8KAND67JY6;
				ENABLE_STRICT_OBJC_MSGSEND = YES;
				ENABLE_TESTABILITY = YES;
				ENABLE_USER_SCRIPT_SANDBOXING = YES;
				GCC_C_LANGUAGE_STANDARD = gnu17;
				GCC_DYNAMIC_NO_PIC = NO;
				GCC_NO_COMMON_BLOCKS = YES;
				GCC_OPTIMIZATION_LEVEL = 0;
				GCC_PREPROCESSOR_DEFINITIONS = (
					"DEBUG=1",
					"$(inherited)",
				);
				GCC_WARN_64_TO_32_BIT_CONVERSION = YES;
				GCC_WARN_ABOUT_RETURN_TYPE = YES_ERROR;
				GCC_WARN_UNDECLARED_SELECTOR = YES;
				GCC_WARN_UNINITIALIZED_AUTOS = YES_AGGRESSIVE;
				GCC_WARN_UNUSED_FUNCTION = YES;
				GCC_WARN_UNUSED_VARIABLE = YES;
				LOCALIZATION_PREFERS_STRING_CATALOGS = YES;
				MACOSX_DEPLOYMENT_TARGET = 26.0;
				MTL_ENABLE_DEBUG_INFO = INCLUDE_SOURCE;
				MTL_FAST_MATH = YES;
				ONLY_ACTIVE_ARCH = YES;
				SDKROOT = macosx;
				SWIFT_ACTIVE_COMPILATION_CONDITIONS = "DEBUG $(inherited)";
				SWIFT_EMIT_LOC_STRINGS = YES;
				SWIFT_OPTIMIZATION_LEVEL = "-Onone";
				SWIFT_STRICT_MEMORY_SAFETY = YES;
				SWIFT_VERSION = 6.0;
			};
			name = "Ignite Debug Development";
		};
		A58CE85F2E8F1C7000106697 /* Ignite Release Development */ = {
			isa = XCBuildConfiguration;
			baseConfigurationReferenceAnchor = A58CF0332E8F1CF400106697 /* Configs */;
			baseConfigurationReferenceRelativePath = Base.xcconfig;
			buildSettings = {
				ALWAYS_SEARCH_USER_PATHS = NO;
				ASSETCATALOG_COMPILER_GENERATE_SWIFT_ASSET_SYMBOL_EXTENSIONS = YES;
				CLANG_ANALYZER_NONNULL = YES;
				CLANG_ANALYZER_NUMBER_OBJECT_CONVERSION = YES_AGGRESSIVE;
				CLANG_CXX_LANGUAGE_STANDARD = "gnu++20";
				CLANG_ENABLE_MODULES = YES;
				CLANG_ENABLE_OBJC_ARC = YES;
				CLANG_ENABLE_OBJC_WEAK = YES;
				CLANG_WARN_BLOCK_CAPTURE_AUTORELEASING = YES;
				CLANG_WARN_BOOL_CONVERSION = YES;
				CLANG_WARN_COMMA = YES;
				CLANG_WARN_CONSTANT_CONVERSION = YES;
				CLANG_WARN_DEPRECATED_OBJC_IMPLEMENTATIONS = YES;
				CLANG_WARN_DIRECT_OBJC_ISA_USAGE = YES_ERROR;
				CLANG_WARN_DOCUMENTATION_COMMENTS = YES;
				CLANG_WARN_EMPTY_BODY = YES;
				CLANG_WARN_ENUM_CONVERSION = YES;
				CLANG_WARN_INFINITE_RECURSION = YES;
				CLANG_WARN_INT_CONVERSION = YES;
				CLANG_WARN_NON_LITERAL_NULL_CONVERSION = YES;
				CLANG_WARN_OBJC_IMPLICIT_RETAIN_SELF = YES;
				CLANG_WARN_OBJC_LITERAL_CONVERSION = YES;
				CLANG_WARN_OBJC_ROOT_CLASS = YES_ERROR;
				CLANG_WARN_QUOTED_INCLUDE_IN_FRAMEWORK_HEADER = YES;
				CLANG_WARN_RANGE_LOOP_ANALYSIS = YES;
				CLANG_WARN_STRICT_PROTOTYPES = YES;
				CLANG_WARN_SUSPICIOUS_MOVE = YES;
				CLANG_WARN_UNGUARDED_AVAILABILITY = YES_AGGRESSIVE;
				CLANG_WARN_UNREACHABLE_CODE = YES;
				CLANG_WARN__DUPLICATE_METHOD_MATCH = YES;
				COPY_PHASE_STRIP = NO;
				DEAD_CODE_STRIPPING = YES;
				DEBUG_INFORMATION_FORMAT = "dwarf-with-dsym";
				DEVELOPMENT_TEAM = 8KAND67JY6;
				ENABLE_NS_ASSERTIONS = NO;
				ENABLE_STRICT_OBJC_MSGSEND = YES;
				ENABLE_USER_SCRIPT_SANDBOXING = YES;
				GCC_C_LANGUAGE_STANDARD = gnu17;
				GCC_NO_COMMON_BLOCKS = YES;
				GCC_WARN_64_TO_32_BIT_CONVERSION = YES;
				GCC_WARN_ABOUT_RETURN_TYPE = YES_ERROR;
				GCC_WARN_UNDECLARED_SELECTOR = YES;
				GCC_WARN_UNINITIALIZED_AUTOS = YES_AGGRESSIVE;
				GCC_WARN_UNUSED_FUNCTION = YES;
				GCC_WARN_UNUSED_VARIABLE = YES;
				LOCALIZATION_PREFERS_STRING_CATALOGS = YES;
				MACOSX_DEPLOYMENT_TARGET = 26.0;
				MTL_ENABLE_DEBUG_INFO = NO;
				MTL_FAST_MATH = YES;
				SDKROOT = macosx;
				SWIFT_COMPILATION_MODE = wholemodule;
				SWIFT_EMIT_LOC_STRINGS = YES;
				SWIFT_STRICT_MEMORY_SAFETY = YES;
				SWIFT_VERSION = 6.0;
			};
			name = "Ignite Release Development";
		};
		A58CE8612E8F1C7000106697 /* Ignite Debug Development */ = {
			isa = XCBuildConfiguration;
			baseConfigurationReferenceAnchor = A58CF0332E8F1CF400106697 /* Configs */;
			baseConfigurationReferenceRelativePath = Development.xcconfig;
			buildSettings = {
				ASSETCATALOG_COMPILER_APPICON_NAME = AppIcon;
				ASSETCATALOG_COMPILER_GLOBAL_ACCENT_COLOR_NAME = AccentColor;
				AUTOMATION_APPLE_EVENTS = NO;
				CODE_SIGN_STYLE = Automatic;
				COMBINE_HIDPI_IMAGES = YES;
				CURRENT_PROJECT_VERSION = 1;
				DEVELOPMENT_TEAM = 8KAND67JY6;
				ENABLE_APP_SANDBOX = NO;
				ENABLE_HARDENED_RUNTIME = YES;
				ENABLE_PREVIEWS = YES;
				ENABLE_RESOURCE_ACCESS_PHOTO_LIBRARY = NO;
				GENERATE_INFOPLIST_FILE = YES;
				INFOPLIST_KEY_CFBundleDisplayName = "$(PRODUCT_NAME)";
				INFOPLIST_KEY_LSApplicationCategoryType = "public.app-category.developer-tools";
				INFOPLIST_KEY_NSHumanReadableCopyright = "Copyright © 2025 Samuel Majtan. All rights reserved.";
				LD_RUNPATH_SEARCH_PATHS = (
					"$(inherited)",
					"@executable_path/../Frameworks",
				);
				MARKETING_VERSION = 1.0;
				PRODUCT_NAME = "$(inherited)";
				REGISTER_APP_GROUPS = YES;
				RUNTIME_EXCEPTION_ALLOW_DYLD_ENVIRONMENT_VARIABLES = NO;
				RUNTIME_EXCEPTION_ALLOW_JIT = NO;
				RUNTIME_EXCEPTION_ALLOW_UNSIGNED_EXECUTABLE_MEMORY = NO;
				RUNTIME_EXCEPTION_DEBUGGING_TOOL = YES;
				RUNTIME_EXCEPTION_DISABLE_EXECUTABLE_PAGE_PROTECTION = NO;
				RUNTIME_EXCEPTION_DISABLE_LIBRARY_VALIDATION = NO;
				STRING_CATALOG_GENERATE_SYMBOLS = YES;
				SWIFT_APPROACHABLE_CONCURRENCY = YES;
				SWIFT_DEFAULT_ACTOR_ISOLATION = MainActor;
				SWIFT_EMIT_LOC_STRINGS = YES;
				SWIFT_OBJC_INTEROP_MODE = objcxx;
				SWIFT_UPCOMING_FEATURE_MEMBER_IMPORT_VISIBILITY = YES;
				SWIFT_VERSION = 6.0;
			};
			name = "Ignite Debug Development";
		};
		A58CE8622E8F1C7000106697 /* Ignite Release Development */ = {
			isa = XCBuildConfiguration;
			baseConfigurationReferenceAnchor = A58CF0332E8F1CF400106697 /* Configs */;
			baseConfigurationReferenceRelativePath = Development.xcconfig;
			buildSettings = {
				ASSETCATALOG_COMPILER_APPICON_NAME = AppIcon;
				ASSETCATALOG_COMPILER_GLOBAL_ACCENT_COLOR_NAME = AccentColor;
				AUTOMATION_APPLE_EVENTS = NO;
				CODE_SIGN_STYLE = Automatic;
				COMBINE_HIDPI_IMAGES = YES;
				CURRENT_PROJECT_VERSION = 1;
				DEVELOPMENT_TEAM = 8KAND67JY6;
				ENABLE_APP_SANDBOX = NO;
				ENABLE_HARDENED_RUNTIME = YES;
				ENABLE_PREVIEWS = YES;
				ENABLE_RESOURCE_ACCESS_PHOTO_LIBRARY = NO;
				GENERATE_INFOPLIST_FILE = YES;
				INFOPLIST_KEY_CFBundleDisplayName = "$(PRODUCT_NAME)";
				INFOPLIST_KEY_LSApplicationCategoryType = "public.app-category.developer-tools";
				INFOPLIST_KEY_NSHumanReadableCopyright = "Copyright © 2025 Samuel Majtan. All rights reserved.";
				LD_RUNPATH_SEARCH_PATHS = (
					"$(inherited)",
					"@executable_path/../Frameworks",
				);
				MARKETING_VERSION = 1.0;
				PRODUCT_NAME = "$(inherited)";
				REGISTER_APP_GROUPS = YES;
				RUNTIME_EXCEPTION_ALLOW_DYLD_ENVIRONMENT_VARIABLES = NO;
				RUNTIME_EXCEPTION_ALLOW_JIT = NO;
				RUNTIME_EXCEPTION_ALLOW_UNSIGNED_EXECUTABLE_MEMORY = NO;
				RUNTIME_EXCEPTION_DEBUGGING_TOOL = YES;
				RUNTIME_EXCEPTION_DISABLE_EXECUTABLE_PAGE_PROTECTION = NO;
				RUNTIME_EXCEPTION_DISABLE_LIBRARY_VALIDATION = NO;
				STRING_CATALOG_GENERATE_SYMBOLS = YES;
				SWIFT_APPROACHABLE_CONCURRENCY = YES;
				SWIFT_DEFAULT_ACTOR_ISOLATION = MainActor;
				SWIFT_EMIT_LOC_STRINGS = YES;
				SWIFT_OBJC_INTEROP_MODE = objcxx;
				SWIFT_UPCOMING_FEATURE_MEMBER_IMPORT_VISIBILITY = YES;
				SWIFT_VERSION = 6.0;
			};
			name = "Ignite Release Development";
		};
		A58CE8642E8F1C7000106697 /* Ignite Debug Development */ = {
			isa = XCBuildConfiguration;
			baseConfigurationReferenceAnchor = A58CF0332E8F1CF400106697 /* Configs */;
			baseConfigurationReferenceRelativePath = Development.xcconfig;
			buildSettings = {
				BUNDLE_LOADER = "$(TEST_HOST)";
				CODE_SIGN_STYLE = Automatic;
				CURRENT_PROJECT_VERSION = 1;
				DEVELOPMENT_TEAM = 8KAND67JY6;
				GENERATE_INFOPLIST_FILE = YES;
				MACOSX_DEPLOYMENT_TARGET = 26.0;
				MARKETING_VERSION = 1.0;
				PRODUCT_BUNDLE_IDENTIFIER = com.majtan.IgniteTests;
				PRODUCT_NAME = "$(TARGET_NAME)";
				STRING_CATALOG_GENERATE_SYMBOLS = NO;
				SWIFT_APPROACHABLE_CONCURRENCY = YES;
				SWIFT_EMIT_LOC_STRINGS = NO;
				SWIFT_UPCOMING_FEATURE_MEMBER_IMPORT_VISIBILITY = YES;
				SWIFT_VERSION = 5.0;
				TEST_HOST = "$(BUILT_PRODUCTS_DIR)/Ignite.app/$(BUNDLE_EXECUTABLE_FOLDER_PATH)/Ignite";
			};
			name = "Ignite Debug Development";
		};
		A58CE8652E8F1C7000106697 /* Ignite Release Development */ = {
			isa = XCBuildConfiguration;
			baseConfigurationReferenceAnchor = A58CF0332E8F1CF400106697 /* Configs */;
			baseConfigurationReferenceRelativePath = Development.xcconfig;
			buildSettings = {
				BUNDLE_LOADER = "$(TEST_HOST)";
				CODE_SIGN_STYLE = Automatic;
				CURRENT_PROJECT_VERSION = 1;
				DEVELOPMENT_TEAM = 8KAND67JY6;
				GENERATE_INFOPLIST_FILE = YES;
				MACOSX_DEPLOYMENT_TARGET = 26.0;
				MARKETING_VERSION = 1.0;
				PRODUCT_BUNDLE_IDENTIFIER = com.majtan.IgniteTests;
				PRODUCT_NAME = "$(TARGET_NAME)";
				STRING_CATALOG_GENERATE_SYMBOLS = NO;
				SWIFT_APPROACHABLE_CONCURRENCY = YES;
				SWIFT_EMIT_LOC_STRINGS = NO;
				SWIFT_UPCOMING_FEATURE_MEMBER_IMPORT_VISIBILITY = YES;
				SWIFT_VERSION = 5.0;
				TEST_HOST = "$(BUILT_PRODUCTS_DIR)/Ignite.app/$(BUNDLE_EXECUTABLE_FOLDER_PATH)/Ignite";
			};
			name = "Ignite Release Development";
		};
		A58CE8672E8F1C7000106697 /* Ignite Debug Development */ = {
			isa = XCBuildConfiguration;
			baseConfigurationReferenceAnchor = A58CF0332E8F1CF400106697 /* Configs */;
			baseConfigurationReferenceRelativePath = Development.xcconfig;
			buildSettings = {
				CODE_SIGN_STYLE = Automatic;
				CURRENT_PROJECT_VERSION = 1;
				DEVELOPMENT_TEAM = 8KAND67JY6;
				GENERATE_INFOPLIST_FILE = YES;
				MARKETING_VERSION = 1.0;
				PRODUCT_BUNDLE_IDENTIFIER = com.majtan.IgniteUITests;
				PRODUCT_NAME = "$(TARGET_NAME)";
				STRING_CATALOG_GENERATE_SYMBOLS = NO;
				SWIFT_APPROACHABLE_CONCURRENCY = YES;
				SWIFT_EMIT_LOC_STRINGS = NO;
				SWIFT_UPCOMING_FEATURE_MEMBER_IMPORT_VISIBILITY = YES;
				SWIFT_VERSION = 5.0;
				TEST_TARGET_NAME = Ignite;
			};
			name = "Ignite Debug Development";
		};
		A58CE8682E8F1C7000106697 /* Ignite Release Development */ = {
			isa = XCBuildConfiguration;
			baseConfigurationReferenceAnchor = A58CF0332E8F1CF400106697 /* Configs */;
			baseConfigurationReferenceRelativePath = Development.xcconfig;
			buildSettings = {
				CODE_SIGN_STYLE = Automatic;
				CURRENT_PROJECT_VERSION = 1;
				DEVELOPMENT_TEAM = 8KAND67JY6;
				GENERATE_INFOPLIST_FILE = YES;
				MARKETING_VERSION = 1.0;
				PRODUCT_BUNDLE_IDENTIFIER = com.majtan.IgniteUITests;
				PRODUCT_NAME = "$(TARGET_NAME)";
				STRING_CATALOG_GENERATE_SYMBOLS = NO;
				SWIFT_APPROACHABLE_CONCURRENCY = YES;
				SWIFT_EMIT_LOC_STRINGS = NO;
				SWIFT_UPCOMING_FEATURE_MEMBER_IMPORT_VISIBILITY = YES;
				SWIFT_VERSION = 5.0;
				TEST_TARGET_NAME = Ignite;
			};
			name = "Ignite Release Development";
		};
		A58CF0EC2E8F23FE00106697 /* Ignite Debug Production */ = {
			isa = XCBuildConfiguration;
			baseConfigurationReferenceAnchor = A58CF0332E8F1CF400106697 /* Configs */;
			baseConfigurationReferenceRelativePath = Base.xcconfig;
			buildSettings = {
				ALWAYS_SEARCH_USER_PATHS = NO;
				ASSETCATALOG_COMPILER_GENERATE_SWIFT_ASSET_SYMBOL_EXTENSIONS = YES;
				CLANG_ANALYZER_NONNULL = YES;
				CLANG_ANALYZER_NUMBER_OBJECT_CONVERSION = YES_AGGRESSIVE;
				CLANG_CXX_LANGUAGE_STANDARD = "gnu++20";
				CLANG_ENABLE_MODULES = YES;
				CLANG_ENABLE_OBJC_ARC = YES;
				CLANG_ENABLE_OBJC_WEAK = YES;
				CLANG_WARN_BLOCK_CAPTURE_AUTORELEASING = YES;
				CLANG_WARN_BOOL_CONVERSION = YES;
				CLANG_WARN_COMMA = YES;
				CLANG_WARN_CONSTANT_CONVERSION = YES;
				CLANG_WARN_DEPRECATED_OBJC_IMPLEMENTATIONS = YES;
				CLANG_WARN_DIRECT_OBJC_ISA_USAGE = YES_ERROR;
				CLANG_WARN_DOCUMENTATION_COMMENTS = YES;
				CLANG_WARN_EMPTY_BODY = YES;
				CLANG_WARN_ENUM_CONVERSION = YES;
				CLANG_WARN_INFINITE_RECURSION = YES;
				CLANG_WARN_INT_CONVERSION = YES;
				CLANG_WARN_NON_LITERAL_NULL_CONVERSION = YES;
				CLANG_WARN_OBJC_IMPLICIT_RETAIN_SELF = YES;
				CLANG_WARN_OBJC_LITERAL_CONVERSION = YES;
				CLANG_WARN_OBJC_ROOT_CLASS = YES_ERROR;
				CLANG_WARN_QUOTED_INCLUDE_IN_FRAMEWORK_HEADER = YES;
				CLANG_WARN_RANGE_LOOP_ANALYSIS = YES;
				CLANG_WARN_STRICT_PROTOTYPES = YES;
				CLANG_WARN_SUSPICIOUS_MOVE = YES;
				CLANG_WARN_UNGUARDED_AVAILABILITY = YES_AGGRESSIVE;
				CLANG_WARN_UNREACHABLE_CODE = YES;
				CLANG_WARN__DUPLICATE_METHOD_MATCH = YES;
				COPY_PHASE_STRIP = NO;
				DEAD_CODE_STRIPPING = YES;
				DEBUG_INFORMATION_FORMAT = dwarf;
				DEVELOPMENT_TEAM = 8KAND67JY6;
				ENABLE_STRICT_OBJC_MSGSEND = YES;
				ENABLE_TESTABILITY = YES;
				ENABLE_USER_SCRIPT_SANDBOXING = YES;
				GCC_C_LANGUAGE_STANDARD = gnu17;
				GCC_DYNAMIC_NO_PIC = NO;
				GCC_NO_COMMON_BLOCKS = YES;
				GCC_OPTIMIZATION_LEVEL = 0;
				GCC_PREPROCESSOR_DEFINITIONS = (
					"DEBUG=1",
					"$(inherited)",
				);
				GCC_WARN_64_TO_32_BIT_CONVERSION = YES;
				GCC_WARN_ABOUT_RETURN_TYPE = YES_ERROR;
				GCC_WARN_UNDECLARED_SELECTOR = YES;
				GCC_WARN_UNINITIALIZED_AUTOS = YES_AGGRESSIVE;
				GCC_WARN_UNUSED_FUNCTION = YES;
				GCC_WARN_UNUSED_VARIABLE = YES;
				LOCALIZATION_PREFERS_STRING_CATALOGS = YES;
				MACOSX_DEPLOYMENT_TARGET = 26.0;
				MTL_ENABLE_DEBUG_INFO = INCLUDE_SOURCE;
				MTL_FAST_MATH = YES;
				ONLY_ACTIVE_ARCH = YES;
				SDKROOT = macosx;
				SWIFT_ACTIVE_COMPILATION_CONDITIONS = "DEBUG $(inherited)";
				SWIFT_EMIT_LOC_STRINGS = YES;
				SWIFT_OPTIMIZATION_LEVEL = "-Onone";
				SWIFT_STRICT_MEMORY_SAFETY = YES;
				SWIFT_VERSION = 6.0;
			};
			name = "Ignite Debug Production";
		};
		A58CF0ED2E8F23FE00106697 /* Ignite Debug Production */ = {
			isa = XCBuildConfiguration;
			baseConfigurationReferenceAnchor = A58CF0332E8F1CF400106697 /* Configs */;
			baseConfigurationReferenceRelativePath = Production.xcconfig;
			buildSettings = {
				ASSETCATALOG_COMPILER_APPICON_NAME = AppIcon;
				ASSETCATALOG_COMPILER_GLOBAL_ACCENT_COLOR_NAME = AccentColor;
				AUTOMATION_APPLE_EVENTS = NO;
				CODE_SIGN_STYLE = Automatic;
				COMBINE_HIDPI_IMAGES = YES;
				CURRENT_PROJECT_VERSION = 1;
				DEVELOPMENT_TEAM = 8KAND67JY6;
				ENABLE_APP_SANDBOX = NO;
				ENABLE_HARDENED_RUNTIME = YES;
				ENABLE_PREVIEWS = YES;
				ENABLE_RESOURCE_ACCESS_PHOTO_LIBRARY = NO;
				GENERATE_INFOPLIST_FILE = YES;
				INFOPLIST_KEY_CFBundleDisplayName = "$(PRODUCT_NAME)";
				INFOPLIST_KEY_LSApplicationCategoryType = "public.app-category.developer-tools";
				INFOPLIST_KEY_NSHumanReadableCopyright = "Copyright © 2025 Samuel Majtan. All rights reserved.";
				LD_RUNPATH_SEARCH_PATHS = (
					"$(inherited)",
					"@executable_path/../Frameworks",
				);
				MARKETING_VERSION = 1.0;
				PRODUCT_NAME = "$(inherited)";
				REGISTER_APP_GROUPS = YES;
				RUNTIME_EXCEPTION_ALLOW_DYLD_ENVIRONMENT_VARIABLES = NO;
				RUNTIME_EXCEPTION_ALLOW_JIT = NO;
				RUNTIME_EXCEPTION_ALLOW_UNSIGNED_EXECUTABLE_MEMORY = NO;
				RUNTIME_EXCEPTION_DEBUGGING_TOOL = YES;
				RUNTIME_EXCEPTION_DISABLE_EXECUTABLE_PAGE_PROTECTION = NO;
				RUNTIME_EXCEPTION_DISABLE_LIBRARY_VALIDATION = NO;
				STRING_CATALOG_GENERATE_SYMBOLS = YES;
				SWIFT_APPROACHABLE_CONCURRENCY = YES;
				SWIFT_DEFAULT_ACTOR_ISOLATION = MainActor;
				SWIFT_EMIT_LOC_STRINGS = YES;
				SWIFT_OBJC_INTEROP_MODE = objcxx;
				SWIFT_UPCOMING_FEATURE_MEMBER_IMPORT_VISIBILITY = YES;
				SWIFT_VERSION = 6.0;
			};
			name = "Ignite Debug Production";
		};
		A58CF0EE2E8F23FE00106697 /* Ignite Debug Production */ = {
			isa = XCBuildConfiguration;
			baseConfigurationReferenceAnchor = A58CF0332E8F1CF400106697 /* Configs */;
			baseConfigurationReferenceRelativePath = Production.xcconfig;
			buildSettings = {
				BUNDLE_LOADER = "$(TEST_HOST)";
				CODE_SIGN_STYLE = Automatic;
				CURRENT_PROJECT_VERSION = 1;
				DEVELOPMENT_TEAM = 8KAND67JY6;
				GENERATE_INFOPLIST_FILE = YES;
				MACOSX_DEPLOYMENT_TARGET = 26.0;
				MARKETING_VERSION = 1.0;
				PRODUCT_BUNDLE_IDENTIFIER = com.majtan.IgniteTests;
				PRODUCT_NAME = "$(TARGET_NAME)";
				STRING_CATALOG_GENERATE_SYMBOLS = NO;
				SWIFT_APPROACHABLE_CONCURRENCY = YES;
				SWIFT_EMIT_LOC_STRINGS = NO;
				SWIFT_UPCOMING_FEATURE_MEMBER_IMPORT_VISIBILITY = YES;
				SWIFT_VERSION = 5.0;
				TEST_HOST = "$(BUILT_PRODUCTS_DIR)/Ignite.app/$(BUNDLE_EXECUTABLE_FOLDER_PATH)/Ignite";
			};
			name = "Ignite Debug Production";
		};
		A58CF0EF2E8F23FE00106697 /* Ignite Debug Production */ = {
			isa = XCBuildConfiguration;
			baseConfigurationReferenceAnchor = A58CF0332E8F1CF400106697 /* Configs */;
			baseConfigurationReferenceRelativePath = Production.xcconfig;
			buildSettings = {
				CODE_SIGN_STYLE = Automatic;
				CURRENT_PROJECT_VERSION = 1;
				DEVELOPMENT_TEAM = 8KAND67JY6;
				GENERATE_INFOPLIST_FILE = YES;
				MARKETING_VERSION = 1.0;
				PRODUCT_BUNDLE_IDENTIFIER = com.majtan.IgniteUITests;
				PRODUCT_NAME = "$(TARGET_NAME)";
				STRING_CATALOG_GENERATE_SYMBOLS = NO;
				SWIFT_APPROACHABLE_CONCURRENCY = YES;
				SWIFT_EMIT_LOC_STRINGS = NO;
				SWIFT_UPCOMING_FEATURE_MEMBER_IMPORT_VISIBILITY = YES;
				SWIFT_VERSION = 5.0;
				TEST_TARGET_NAME = Ignite;
			};
			name = "Ignite Debug Production";
		};
		A58CF0F02E8F240200106697 /* Ignite Debug Staging */ = {
			isa = XCBuildConfiguration;
			baseConfigurationReferenceAnchor = A58CF0332E8F1CF400106697 /* Configs */;
			baseConfigurationReferenceRelativePath = Base.xcconfig;
			buildSettings = {
				ALWAYS_SEARCH_USER_PATHS = NO;
				ASSETCATALOG_COMPILER_GENERATE_SWIFT_ASSET_SYMBOL_EXTENSIONS = YES;
				CLANG_ANALYZER_NONNULL = YES;
				CLANG_ANALYZER_NUMBER_OBJECT_CONVERSION = YES_AGGRESSIVE;
				CLANG_CXX_LANGUAGE_STANDARD = "gnu++20";
				CLANG_ENABLE_MODULES = YES;
				CLANG_ENABLE_OBJC_ARC = YES;
				CLANG_ENABLE_OBJC_WEAK = YES;
				CLANG_WARN_BLOCK_CAPTURE_AUTORELEASING = YES;
				CLANG_WARN_BOOL_CONVERSION = YES;
				CLANG_WARN_COMMA = YES;
				CLANG_WARN_CONSTANT_CONVERSION = YES;
				CLANG_WARN_DEPRECATED_OBJC_IMPLEMENTATIONS = YES;
				CLANG_WARN_DIRECT_OBJC_ISA_USAGE = YES_ERROR;
				CLANG_WARN_DOCUMENTATION_COMMENTS = YES;
				CLANG_WARN_EMPTY_BODY = YES;
				CLANG_WARN_ENUM_CONVERSION = YES;
				CLANG_WARN_INFINITE_RECURSION = YES;
				CLANG_WARN_INT_CONVERSION = YES;
				CLANG_WARN_NON_LITERAL_NULL_CONVERSION = YES;
				CLANG_WARN_OBJC_IMPLICIT_RETAIN_SELF = YES;
				CLANG_WARN_OBJC_LITERAL_CONVERSION = YES;
				CLANG_WARN_OBJC_ROOT_CLASS = YES_ERROR;
				CLANG_WARN_QUOTED_INCLUDE_IN_FRAMEWORK_HEADER = YES;
				CLANG_WARN_RANGE_LOOP_ANALYSIS = YES;
				CLANG_WARN_STRICT_PROTOTYPES = YES;
				CLANG_WARN_SUSPICIOUS_MOVE = YES;
				CLANG_WARN_UNGUARDED_AVAILABILITY = YES_AGGRESSIVE;
				CLANG_WARN_UNREACHABLE_CODE = YES;
				CLANG_WARN__DUPLICATE_METHOD_MATCH = YES;
				COPY_PHASE_STRIP = NO;
				DEAD_CODE_STRIPPING = YES;
				DEBUG_INFORMATION_FORMAT = dwarf;
				DEVELOPMENT_TEAM = 8KAND67JY6;
				ENABLE_STRICT_OBJC_MSGSEND = YES;
				ENABLE_TESTABILITY = YES;
				ENABLE_USER_SCRIPT_SANDBOXING = YES;
				GCC_C_LANGUAGE_STANDARD = gnu17;
				GCC_DYNAMIC_NO_PIC = NO;
				GCC_NO_COMMON_BLOCKS = YES;
				GCC_OPTIMIZATION_LEVEL = 0;
				GCC_PREPROCESSOR_DEFINITIONS = (
					"DEBUG=1",
					"$(inherited)",
				);
				GCC_WARN_64_TO_32_BIT_CONVERSION = YES;
				GCC_WARN_ABOUT_RETURN_TYPE = YES_ERROR;
				GCC_WARN_UNDECLARED_SELECTOR = YES;
				GCC_WARN_UNINITIALIZED_AUTOS = YES_AGGRESSIVE;
				GCC_WARN_UNUSED_FUNCTION = YES;
				GCC_WARN_UNUSED_VARIABLE = YES;
				LOCALIZATION_PREFERS_STRING_CATALOGS = YES;
				MACOSX_DEPLOYMENT_TARGET = 26.0;
				MTL_ENABLE_DEBUG_INFO = INCLUDE_SOURCE;
				MTL_FAST_MATH = YES;
				ONLY_ACTIVE_ARCH = YES;
				SDKROOT = macosx;
				SWIFT_ACTIVE_COMPILATION_CONDITIONS = "DEBUG $(inherited)";
				SWIFT_EMIT_LOC_STRINGS = YES;
				SWIFT_OPTIMIZATION_LEVEL = "-Onone";
				SWIFT_STRICT_MEMORY_SAFETY = YES;
				SWIFT_VERSION = 6.0;
			};
			name = "Ignite Debug Staging";
		};
		A58CF0F12E8F240200106697 /* Ignite Debug Staging */ = {
			isa = XCBuildConfiguration;
			baseConfigurationReferenceAnchor = A58CF0332E8F1CF400106697 /* Configs */;
			baseConfigurationReferenceRelativePath = Staging.xcconfig;
			buildSettings = {
				ASSETCATALOG_COMPILER_APPICON_NAME = AppIcon;
				ASSETCATALOG_COMPILER_GLOBAL_ACCENT_COLOR_NAME = AccentColor;
				AUTOMATION_APPLE_EVENTS = NO;
				CODE_SIGN_STYLE = Automatic;
				COMBINE_HIDPI_IMAGES = YES;
				CURRENT_PROJECT_VERSION = 1;
				DEVELOPMENT_TEAM = 8KAND67JY6;
				ENABLE_APP_SANDBOX = NO;
				ENABLE_HARDENED_RUNTIME = YES;
				ENABLE_PREVIEWS = YES;
				ENABLE_RESOURCE_ACCESS_PHOTO_LIBRARY = NO;
				GENERATE_INFOPLIST_FILE = YES;
				INFOPLIST_KEY_CFBundleDisplayName = "$(PRODUCT_NAME)";
				INFOPLIST_KEY_LSApplicationCategoryType = "public.app-category.developer-tools";
				INFOPLIST_KEY_NSHumanReadableCopyright = "Copyright © 2025 Samuel Majtan. All rights reserved.";
				LD_RUNPATH_SEARCH_PATHS = (
					"$(inherited)",
					"@executable_path/../Frameworks",
				);
				MARKETING_VERSION = 1.0;
				PRODUCT_NAME = "$(inherited)";
				REGISTER_APP_GROUPS = YES;
				RUNTIME_EXCEPTION_ALLOW_DYLD_ENVIRONMENT_VARIABLES = NO;
				RUNTIME_EXCEPTION_ALLOW_JIT = NO;
				RUNTIME_EXCEPTION_ALLOW_UNSIGNED_EXECUTABLE_MEMORY = NO;
				RUNTIME_EXCEPTION_DEBUGGING_TOOL = YES;
				RUNTIME_EXCEPTION_DISABLE_EXECUTABLE_PAGE_PROTECTION = NO;
				RUNTIME_EXCEPTION_DISABLE_LIBRARY_VALIDATION = NO;
				STRING_CATALOG_GENERATE_SYMBOLS = YES;
				SWIFT_APPROACHABLE_CONCURRENCY = YES;
				SWIFT_DEFAULT_ACTOR_ISOLATION = MainActor;
				SWIFT_EMIT_LOC_STRINGS = YES;
				SWIFT_OBJC_INTEROP_MODE = objcxx;
				SWIFT_UPCOMING_FEATURE_MEMBER_IMPORT_VISIBILITY = YES;
				SWIFT_VERSION = 6.0;
			};
			name = "Ignite Debug Staging";
		};
		A58CF0F22E8F240200106697 /* Ignite Debug Staging */ = {
			isa = XCBuildConfiguration;
			baseConfigurationReferenceAnchor = A58CF0332E8F1CF400106697 /* Configs */;
			baseConfigurationReferenceRelativePath = Staging.xcconfig;
			buildSettings = {
				BUNDLE_LOADER = "$(TEST_HOST)";
				CODE_SIGN_STYLE = Automatic;
				CURRENT_PROJECT_VERSION = 1;
				DEVELOPMENT_TEAM = 8KAND67JY6;
				GENERATE_INFOPLIST_FILE = YES;
				MACOSX_DEPLOYMENT_TARGET = 26.0;
				MARKETING_VERSION = 1.0;
				PRODUCT_BUNDLE_IDENTIFIER = com.majtan.IgniteTests;
				PRODUCT_NAME = "$(TARGET_NAME)";
				STRING_CATALOG_GENERATE_SYMBOLS = NO;
				SWIFT_APPROACHABLE_CONCURRENCY = YES;
				SWIFT_EMIT_LOC_STRINGS = NO;
				SWIFT_UPCOMING_FEATURE_MEMBER_IMPORT_VISIBILITY = YES;
				SWIFT_VERSION = 5.0;
				TEST_HOST = "$(BUILT_PRODUCTS_DIR)/Ignite.app/$(BUNDLE_EXECUTABLE_FOLDER_PATH)/Ignite";
			};
			name = "Ignite Debug Staging";
		};
		A58CF0F32E8F240200106697 /* Ignite Debug Staging */ = {
			isa = XCBuildConfiguration;
			baseConfigurationReferenceAnchor = A58CF0332E8F1CF400106697 /* Configs */;
			baseConfigurationReferenceRelativePath = Staging.xcconfig;
			buildSettings = {
				CODE_SIGN_STYLE = Automatic;
				CURRENT_PROJECT_VERSION = 1;
				DEVELOPMENT_TEAM = 8KAND67JY6;
				GENERATE_INFOPLIST_FILE = YES;
				MARKETING_VERSION = 1.0;
				PRODUCT_BUNDLE_IDENTIFIER = com.majtan.IgniteUITests;
				PRODUCT_NAME = "$(TARGET_NAME)";
				STRING_CATALOG_GENERATE_SYMBOLS = NO;
				SWIFT_APPROACHABLE_CONCURRENCY = YES;
				SWIFT_EMIT_LOC_STRINGS = NO;
				SWIFT_UPCOMING_FEATURE_MEMBER_IMPORT_VISIBILITY = YES;
				SWIFT_VERSION = 5.0;
				TEST_TARGET_NAME = Ignite;
			};
			name = "Ignite Debug Staging";
		};
		A58CF0F42E8F240500106697 /* Ignite Release Production */ = {
			isa = XCBuildConfiguration;
			baseConfigurationReferenceAnchor = A58CF0332E8F1CF400106697 /* Configs */;
			baseConfigurationReferenceRelativePath = Base.xcconfig;
			buildSettings = {
				ALWAYS_SEARCH_USER_PATHS = NO;
				ASSETCATALOG_COMPILER_GENERATE_SWIFT_ASSET_SYMBOL_EXTENSIONS = YES;
				CLANG_ANALYZER_NONNULL = YES;
				CLANG_ANALYZER_NUMBER_OBJECT_CONVERSION = YES_AGGRESSIVE;
				CLANG_CXX_LANGUAGE_STANDARD = "gnu++20";
				CLANG_ENABLE_MODULES = YES;
				CLANG_ENABLE_OBJC_ARC = YES;
				CLANG_ENABLE_OBJC_WEAK = YES;
				CLANG_WARN_BLOCK_CAPTURE_AUTORELEASING = YES;
				CLANG_WARN_BOOL_CONVERSION = YES;
				CLANG_WARN_COMMA = YES;
				CLANG_WARN_CONSTANT_CONVERSION = YES;
				CLANG_WARN_DEPRECATED_OBJC_IMPLEMENTATIONS = YES;
				CLANG_WARN_DIRECT_OBJC_ISA_USAGE = YES_ERROR;
				CLANG_WARN_DOCUMENTATION_COMMENTS = YES;
				CLANG_WARN_EMPTY_BODY = YES;
				CLANG_WARN_ENUM_CONVERSION = YES;
				CLANG_WARN_INFINITE_RECURSION = YES;
				CLANG_WARN_INT_CONVERSION = YES;
				CLANG_WARN_NON_LITERAL_NULL_CONVERSION = YES;
				CLANG_WARN_OBJC_IMPLICIT_RETAIN_SELF = YES;
				CLANG_WARN_OBJC_LITERAL_CONVERSION = YES;
				CLANG_WARN_OBJC_ROOT_CLASS = YES_ERROR;
				CLANG_WARN_QUOTED_INCLUDE_IN_FRAMEWORK_HEADER = YES;
				CLANG_WARN_RANGE_LOOP_ANALYSIS = YES;
				CLANG_WARN_STRICT_PROTOTYPES = YES;
				CLANG_WARN_SUSPICIOUS_MOVE = YES;
				CLANG_WARN_UNGUARDED_AVAILABILITY = YES_AGGRESSIVE;
				CLANG_WARN_UNREACHABLE_CODE = YES;
				CLANG_WARN__DUPLICATE_METHOD_MATCH = YES;
				COPY_PHASE_STRIP = NO;
				DEAD_CODE_STRIPPING = YES;
				DEBUG_INFORMATION_FORMAT = "dwarf-with-dsym";
				DEVELOPMENT_TEAM = 8KAND67JY6;
				ENABLE_NS_ASSERTIONS = NO;
				ENABLE_STRICT_OBJC_MSGSEND = YES;
				ENABLE_USER_SCRIPT_SANDBOXING = YES;
				GCC_C_LANGUAGE_STANDARD = gnu17;
				GCC_NO_COMMON_BLOCKS = YES;
				GCC_WARN_64_TO_32_BIT_CONVERSION = YES;
				GCC_WARN_ABOUT_RETURN_TYPE = YES_ERROR;
				GCC_WARN_UNDECLARED_SELECTOR = YES;
				GCC_WARN_UNINITIALIZED_AUTOS = YES_AGGRESSIVE;
				GCC_WARN_UNUSED_FUNCTION = YES;
				GCC_WARN_UNUSED_VARIABLE = YES;
				LOCALIZATION_PREFERS_STRING_CATALOGS = YES;
				MACOSX_DEPLOYMENT_TARGET = 26.0;
				MTL_ENABLE_DEBUG_INFO = NO;
				MTL_FAST_MATH = YES;
				SDKROOT = macosx;
				SWIFT_COMPILATION_MODE = wholemodule;
				SWIFT_EMIT_LOC_STRINGS = YES;
				SWIFT_STRICT_MEMORY_SAFETY = YES;
				SWIFT_VERSION = 6.0;
			};
			name = "Ignite Release Production";
		};
		A58CF0F52E8F240500106697 /* Ignite Release Production */ = {
			isa = XCBuildConfiguration;
			baseConfigurationReferenceAnchor = A58CF0332E8F1CF400106697 /* Configs */;
			baseConfigurationReferenceRelativePath = Production.xcconfig;
			buildSettings = {
				ASSETCATALOG_COMPILER_APPICON_NAME = AppIcon;
				ASSETCATALOG_COMPILER_GLOBAL_ACCENT_COLOR_NAME = AccentColor;
				AUTOMATION_APPLE_EVENTS = NO;
				CODE_SIGN_STYLE = Automatic;
				COMBINE_HIDPI_IMAGES = YES;
				CURRENT_PROJECT_VERSION = 1;
				DEVELOPMENT_TEAM = 8KAND67JY6;
				ENABLE_APP_SANDBOX = NO;
				ENABLE_HARDENED_RUNTIME = YES;
				ENABLE_PREVIEWS = YES;
				ENABLE_RESOURCE_ACCESS_PHOTO_LIBRARY = NO;
				GENERATE_INFOPLIST_FILE = YES;
				INFOPLIST_KEY_CFBundleDisplayName = "$(PRODUCT_NAME)";
				INFOPLIST_KEY_LSApplicationCategoryType = "public.app-category.developer-tools";
				INFOPLIST_KEY_NSHumanReadableCopyright = "Copyright © 2025 Samuel Majtan. All rights reserved.";
				LD_RUNPATH_SEARCH_PATHS = (
					"$(inherited)",
					"@executable_path/../Frameworks",
				);
				MARKETING_VERSION = 1.0;
				PRODUCT_NAME = "$(inherited)";
				REGISTER_APP_GROUPS = YES;
				RUNTIME_EXCEPTION_ALLOW_DYLD_ENVIRONMENT_VARIABLES = NO;
				RUNTIME_EXCEPTION_ALLOW_JIT = NO;
				RUNTIME_EXCEPTION_ALLOW_UNSIGNED_EXECUTABLE_MEMORY = NO;
				RUNTIME_EXCEPTION_DEBUGGING_TOOL = YES;
				RUNTIME_EXCEPTION_DISABLE_EXECUTABLE_PAGE_PROTECTION = NO;
				RUNTIME_EXCEPTION_DISABLE_LIBRARY_VALIDATION = NO;
				STRING_CATALOG_GENERATE_SYMBOLS = YES;
				SWIFT_APPROACHABLE_CONCURRENCY = YES;
				SWIFT_DEFAULT_ACTOR_ISOLATION = MainActor;
				SWIFT_EMIT_LOC_STRINGS = YES;
				SWIFT_OBJC_INTEROP_MODE = objcxx;
				SWIFT_UPCOMING_FEATURE_MEMBER_IMPORT_VISIBILITY = YES;
				SWIFT_VERSION = 6.0;
			};
			name = "Ignite Release Production";
		};
		A58CF0F62E8F240500106697 /* Ignite Release Production */ = {
			isa = XCBuildConfiguration;
			baseConfigurationReferenceAnchor = A58CF0332E8F1CF400106697 /* Configs */;
			baseConfigurationReferenceRelativePath = Production.xcconfig;
			buildSettings = {
				BUNDLE_LOADER = "$(TEST_HOST)";
				CODE_SIGN_STYLE = Automatic;
				CURRENT_PROJECT_VERSION = 1;
				DEVELOPMENT_TEAM = 8KAND67JY6;
				GENERATE_INFOPLIST_FILE = YES;
				MACOSX_DEPLOYMENT_TARGET = 26.0;
				MARKETING_VERSION = 1.0;
				PRODUCT_BUNDLE_IDENTIFIER = com.majtan.IgniteTests;
				PRODUCT_NAME = "$(TARGET_NAME)";
				STRING_CATALOG_GENERATE_SYMBOLS = NO;
				SWIFT_APPROACHABLE_CONCURRENCY = YES;
				SWIFT_EMIT_LOC_STRINGS = NO;
				SWIFT_UPCOMING_FEATURE_MEMBER_IMPORT_VISIBILITY = YES;
				SWIFT_VERSION = 5.0;
				TEST_HOST = "$(BUILT_PRODUCTS_DIR)/Ignite.app/$(BUNDLE_EXECUTABLE_FOLDER_PATH)/Ignite";
			};
			name = "Ignite Release Production";
		};
		A58CF0F72E8F240500106697 /* Ignite Release Production */ = {
			isa = XCBuildConfiguration;
			baseConfigurationReferenceAnchor = A58CF0332E8F1CF400106697 /* Configs */;
			baseConfigurationReferenceRelativePath = Production.xcconfig;
			buildSettings = {
				CODE_SIGN_STYLE = Automatic;
				CURRENT_PROJECT_VERSION = 1;
				DEVELOPMENT_TEAM = 8KAND67JY6;
				GENERATE_INFOPLIST_FILE = YES;
				MARKETING_VERSION = 1.0;
				PRODUCT_BUNDLE_IDENTIFIER = com.majtan.IgniteUITests;
				PRODUCT_NAME = "$(TARGET_NAME)";
				STRING_CATALOG_GENERATE_SYMBOLS = NO;
				SWIFT_APPROACHABLE_CONCURRENCY = YES;
				SWIFT_EMIT_LOC_STRINGS = NO;
				SWIFT_UPCOMING_FEATURE_MEMBER_IMPORT_VISIBILITY = YES;
				SWIFT_VERSION = 5.0;
				TEST_TARGET_NAME = Ignite;
			};
			name = "Ignite Release Production";
		};
		A58CF0F82E8F240900106697 /* Ignite Release Staging */ = {
			isa = XCBuildConfiguration;
			baseConfigurationReferenceAnchor = A58CF0332E8F1CF400106697 /* Configs */;
			baseConfigurationReferenceRelativePath = Base.xcconfig;
			buildSettings = {
				ALWAYS_SEARCH_USER_PATHS = NO;
				ASSETCATALOG_COMPILER_GENERATE_SWIFT_ASSET_SYMBOL_EXTENSIONS = YES;
				CLANG_ANALYZER_NONNULL = YES;
				CLANG_ANALYZER_NUMBER_OBJECT_CONVERSION = YES_AGGRESSIVE;
				CLANG_CXX_LANGUAGE_STANDARD = "gnu++20";
				CLANG_ENABLE_MODULES = YES;
				CLANG_ENABLE_OBJC_ARC = YES;
				CLANG_ENABLE_OBJC_WEAK = YES;
				CLANG_WARN_BLOCK_CAPTURE_AUTORELEASING = YES;
				CLANG_WARN_BOOL_CONVERSION = YES;
				CLANG_WARN_COMMA = YES;
				CLANG_WARN_CONSTANT_CONVERSION = YES;
				CLANG_WARN_DEPRECATED_OBJC_IMPLEMENTATIONS = YES;
				CLANG_WARN_DIRECT_OBJC_ISA_USAGE = YES_ERROR;
				CLANG_WARN_DOCUMENTATION_COMMENTS = YES;
				CLANG_WARN_EMPTY_BODY = YES;
				CLANG_WARN_ENUM_CONVERSION = YES;
				CLANG_WARN_INFINITE_RECURSION = YES;
				CLANG_WARN_INT_CONVERSION = YES;
				CLANG_WARN_NON_LITERAL_NULL_CONVERSION = YES;
				CLANG_WARN_OBJC_IMPLICIT_RETAIN_SELF = YES;
				CLANG_WARN_OBJC_LITERAL_CONVERSION = YES;
				CLANG_WARN_OBJC_ROOT_CLASS = YES_ERROR;
				CLANG_WARN_QUOTED_INCLUDE_IN_FRAMEWORK_HEADER = YES;
				CLANG_WARN_RANGE_LOOP_ANALYSIS = YES;
				CLANG_WARN_STRICT_PROTOTYPES = YES;
				CLANG_WARN_SUSPICIOUS_MOVE = YES;
				CLANG_WARN_UNGUARDED_AVAILABILITY = YES_AGGRESSIVE;
				CLANG_WARN_UNREACHABLE_CODE = YES;
				CLANG_WARN__DUPLICATE_METHOD_MATCH = YES;
				COPY_PHASE_STRIP = NO;
				DEAD_CODE_STRIPPING = YES;
				DEBUG_INFORMATION_FORMAT = "dwarf-with-dsym";
				DEVELOPMENT_TEAM = 8KAND67JY6;
				ENABLE_NS_ASSERTIONS = NO;
				ENABLE_STRICT_OBJC_MSGSEND = YES;
				ENABLE_USER_SCRIPT_SANDBOXING = YES;
				GCC_C_LANGUAGE_STANDARD = gnu17;
				GCC_NO_COMMON_BLOCKS = YES;
				GCC_WARN_64_TO_32_BIT_CONVERSION = YES;
				GCC_WARN_ABOUT_RETURN_TYPE = YES_ERROR;
				GCC_WARN_UNDECLARED_SELECTOR = YES;
				GCC_WARN_UNINITIALIZED_AUTOS = YES_AGGRESSIVE;
				GCC_WARN_UNUSED_FUNCTION = YES;
				GCC_WARN_UNUSED_VARIABLE = YES;
				LOCALIZATION_PREFERS_STRING_CATALOGS = YES;
				MACOSX_DEPLOYMENT_TARGET = 26.0;
				MTL_ENABLE_DEBUG_INFO = NO;
				MTL_FAST_MATH = YES;
				SDKROOT = macosx;
				SWIFT_COMPILATION_MODE = wholemodule;
				SWIFT_EMIT_LOC_STRINGS = YES;
				SWIFT_STRICT_MEMORY_SAFETY = YES;
				SWIFT_VERSION = 6.0;
			};
			name = "Ignite Release Staging";
		};
		A58CF0F92E8F240900106697 /* Ignite Release Staging */ = {
			isa = XCBuildConfiguration;
			baseConfigurationReferenceAnchor = A58CF0332E8F1CF400106697 /* Configs */;
			baseConfigurationReferenceRelativePath = Staging.xcconfig;
			buildSettings = {
				ASSETCATALOG_COMPILER_APPICON_NAME = AppIcon;
				ASSETCATALOG_COMPILER_GLOBAL_ACCENT_COLOR_NAME = AccentColor;
				AUTOMATION_APPLE_EVENTS = NO;
				CODE_SIGN_STYLE = Automatic;
				COMBINE_HIDPI_IMAGES = YES;
				CURRENT_PROJECT_VERSION = 1;
				DEVELOPMENT_TEAM = 8KAND67JY6;
				ENABLE_APP_SANDBOX = NO;
				ENABLE_HARDENED_RUNTIME = YES;
				ENABLE_PREVIEWS = YES;
				ENABLE_RESOURCE_ACCESS_PHOTO_LIBRARY = NO;
				GENERATE_INFOPLIST_FILE = YES;
				INFOPLIST_KEY_CFBundleDisplayName = "$(PRODUCT_NAME)";
				INFOPLIST_KEY_LSApplicationCategoryType = "public.app-category.developer-tools";
				INFOPLIST_KEY_NSHumanReadableCopyright = "Copyright © 2025 Samuel Majtan. All rights reserved.";
				LD_RUNPATH_SEARCH_PATHS = (
					"$(inherited)",
					"@executable_path/../Frameworks",
				);
				MARKETING_VERSION = 1.0;
				PRODUCT_NAME = "$(inherited)";
				REGISTER_APP_GROUPS = YES;
				RUNTIME_EXCEPTION_ALLOW_DYLD_ENVIRONMENT_VARIABLES = NO;
				RUNTIME_EXCEPTION_ALLOW_JIT = NO;
				RUNTIME_EXCEPTION_ALLOW_UNSIGNED_EXECUTABLE_MEMORY = NO;
				RUNTIME_EXCEPTION_DEBUGGING_TOOL = YES;
				RUNTIME_EXCEPTION_DISABLE_EXECUTABLE_PAGE_PROTECTION = NO;
				RUNTIME_EXCEPTION_DISABLE_LIBRARY_VALIDATION = NO;
				STRING_CATALOG_GENERATE_SYMBOLS = YES;
				SWIFT_APPROACHABLE_CONCURRENCY = YES;
				SWIFT_DEFAULT_ACTOR_ISOLATION = MainActor;
				SWIFT_EMIT_LOC_STRINGS = YES;
				SWIFT_OBJC_INTEROP_MODE = objcxx;
				SWIFT_UPCOMING_FEATURE_MEMBER_IMPORT_VISIBILITY = YES;
				SWIFT_VERSION = 6.0;
			};
			name = "Ignite Release Staging";
		};
		A58CF0FA2E8F240900106697 /* Ignite Release Staging */ = {
			isa = XCBuildConfiguration;
			baseConfigurationReferenceAnchor = A58CF0332E8F1CF400106697 /* Configs */;
			baseConfigurationReferenceRelativePath = Staging.xcconfig;
			buildSettings = {
				BUNDLE_LOADER = "$(TEST_HOST)";
				CODE_SIGN_STYLE = Automatic;
				CURRENT_PROJECT_VERSION = 1;
				DEVELOPMENT_TEAM = 8KAND67JY6;
				GENERATE_INFOPLIST_FILE = YES;
				MACOSX_DEPLOYMENT_TARGET = 26.0;
				MARKETING_VERSION = 1.0;
				PRODUCT_BUNDLE_IDENTIFIER = com.majtan.IgniteTests;
				PRODUCT_NAME = "$(TARGET_NAME)";
				STRING_CATALOG_GENERATE_SYMBOLS = NO;
				SWIFT_APPROACHABLE_CONCURRENCY = YES;
				SWIFT_EMIT_LOC_STRINGS = NO;
				SWIFT_UPCOMING_FEATURE_MEMBER_IMPORT_VISIBILITY = YES;
				SWIFT_VERSION = 5.0;
				TEST_HOST = "$(BUILT_PRODUCTS_DIR)/Ignite.app/$(BUNDLE_EXECUTABLE_FOLDER_PATH)/Ignite";
			};
			name = "Ignite Release Staging";
		};
		A58CF0FB2E8F240900106697 /* Ignite Release Staging */ = {
			isa = XCBuildConfiguration;
			baseConfigurationReferenceAnchor = A58CF0332E8F1CF400106697 /* Configs */;
			baseConfigurationReferenceRelativePath = Staging.xcconfig;
			buildSettings = {
				CODE_SIGN_STYLE = Automatic;
				CURRENT_PROJECT_VERSION = 1;
				DEVELOPMENT_TEAM = 8KAND67JY6;
				GENERATE_INFOPLIST_FILE = YES;
				MARKETING_VERSION = 1.0;
				PRODUCT_BUNDLE_IDENTIFIER = com.majtan.IgniteUITests;
				PRODUCT_NAME = "$(TARGET_NAME)";
				STRING_CATALOG_GENERATE_SYMBOLS = NO;
				SWIFT_APPROACHABLE_CONCURRENCY = YES;
				SWIFT_EMIT_LOC_STRINGS = NO;
				SWIFT_UPCOMING_FEATURE_MEMBER_IMPORT_VISIBILITY = YES;
				SWIFT_VERSION = 5.0;
				TEST_TARGET_NAME = Ignite;
			};
			name = "Ignite Release Staging";
		};
/* End XCBuildConfiguration section */

/* Begin XCConfigurationList section */
		A58CE83A2E8F1C6E00106697 /* Build configuration list for PBXProject "Ignite" */ = {
			isa = XCConfigurationList;
			buildConfigurations = (
				A58CE85E2E8F1C7000106697 /* Ignite Debug Development */,
				A58CF0F02E8F240200106697 /* Ignite Debug Staging */,
				A58CF0EC2E8F23FE00106697 /* Ignite Debug Production */,
				A58CE85F2E8F1C7000106697 /* Ignite Release Development */,
				A58CF0F82E8F240900106697 /* Ignite Release Staging */,
				A58CF0F42E8F240500106697 /* Ignite Release Production */,
			);
			defaultConfigurationIsVisible = 0;
			defaultConfigurationName = "Ignite Release Development";
		};
		A58CE8602E8F1C7000106697 /* Build configuration list for PBXNativeTarget "Ignite" */ = {
			isa = XCConfigurationList;
			buildConfigurations = (
				A58CE8612E8F1C7000106697 /* Ignite Debug Development */,
				A58CF0F12E8F240200106697 /* Ignite Debug Staging */,
				A58CF0ED2E8F23FE00106697 /* Ignite Debug Production */,
				A58CE8622E8F1C7000106697 /* Ignite Release Development */,
				A58CF0F92E8F240900106697 /* Ignite Release Staging */,
				A58CF0F52E8F240500106697 /* Ignite Release Production */,
			);
			defaultConfigurationIsVisible = 0;
			defaultConfigurationName = "Ignite Release Development";
		};
		A58CE8632E8F1C7000106697 /* Build configuration list for PBXNativeTarget "IgniteTests" */ = {
			isa = XCConfigurationList;
			buildConfigurations = (
				A58CE8642E8F1C7000106697 /* Ignite Debug Development */,
				A58CF0F22E8F240200106697 /* Ignite Debug Staging */,
				A58CF0EE2E8F23FE00106697 /* Ignite Debug Production */,
				A58CE8652E8F1C7000106697 /* Ignite Release Development */,
				A58CF0FA2E8F240900106697 /* Ignite Release Staging */,
				A58CF0F62E8F240500106697 /* Ignite Release Production */,
			);
			defaultConfigurationIsVisible = 0;
			defaultConfigurationName = "Ignite Release Development";
		};
		A58CE8662E8F1C7000106697 /* Build configuration list for PBXNativeTarget "IgniteUITests" */ = {
			isa = XCConfigurationList;
			buildConfigurations = (
				A58CE8672E8F1C7000106697 /* Ignite Debug Development */,
				A58CF0F32E8F240200106697 /* Ignite Debug Staging */,
				A58CF0EF2E8F23FE00106697 /* Ignite Debug Production */,
				A58CE8682E8F1C7000106697 /* Ignite Release Development */,
				A58CF0FB2E8F240900106697 /* Ignite Release Staging */,
				A58CF0F72E8F240500106697 /* Ignite Release Production */,
			);
			defaultConfigurationIsVisible = 0;
			defaultConfigurationName = "Ignite Release Development";
		};
/* End XCConfigurationList section */

/* Begin XCRemoteSwiftPackageReference section */
		A51EDFBB2E900D4200F4BA87 /* XCRemoteSwiftPackageReference "Defaults" */ = {
			isa = XCRemoteSwiftPackageReference;
			repositoryURL = "git@github.com:sindresorhus/Defaults.git";
			requirement = {
				kind = upToNextMajorVersion;
				minimumVersion = 9.0.5;
			};
		};
		A51EDFBE2E900DD300F4BA87 /* XCRemoteSwiftPackageReference "swift-collections" */ = {
			isa = XCRemoteSwiftPackageReference;
			repositoryURL = "https://github.com/apple/swift-collections.git";
			requirement = {
				kind = upToNextMajorVersion;
				minimumVersion = 1.3.0;
			};
		};
		A54386EF2E9ABD62009B669F /* XCRemoteSwiftPackageReference "MachOKit" */ = {
			isa = XCRemoteSwiftPackageReference;
			repositoryURL = "git@github.com:sammyeatworld/MachOKit.git";
			requirement = {
				branch = main;
				kind = branch;
			};
		};
		A58CF0FD2E8F30EF00106697 /* XCRemoteSwiftPackageReference "Factory" */ = {
			isa = XCRemoteSwiftPackageReference;
			repositoryURL = "git@github.com:hmlongco/Factory.git";
			requirement = {
				kind = upToNextMajorVersion;
				minimumVersion = 2.5.3;
			};
		};
/* End XCRemoteSwiftPackageReference section */

/* Begin XCSwiftPackageProductDependency section */
		A51EDFBC2E900D4200F4BA87 /* Defaults */ = {
			isa = XCSwiftPackageProductDependency;
			package = A51EDFBB2E900D4200F4BA87 /* XCRemoteSwiftPackageReference "Defaults" */;
			productName = Defaults;
		};
		A51EDFBF2E900DD300F4BA87 /* Collections */ = {
			isa = XCSwiftPackageProductDependency;
			package = A51EDFBE2E900DD300F4BA87 /* XCRemoteSwiftPackageReference "swift-collections" */;
			productName = Collections;
		};
		A54386F02E9ABD62009B669F /* MachOKit */ = {
			isa = XCSwiftPackageProductDependency;
			package = A54386EF2E9ABD62009B669F /* XCRemoteSwiftPackageReference "MachOKit" */;
			productName = MachOKit;
		};
		A58CF0FE2E8F30EF00106697 /* FactoryKit */ = {
			isa = XCSwiftPackageProductDependency;
			package = A58CF0FD2E8F30EF00106697 /* XCRemoteSwiftPackageReference "Factory" */;
			productName = FactoryKit;
		};
		A58CF1002E8F30EF00106697 /* FactoryTesting */ = {
			isa = XCSwiftPackageProductDependency;
			package = A58CF0FD2E8F30EF00106697 /* XCRemoteSwiftPackageReference "Factory" */;
			productName = FactoryTesting;
		};
		A5BB55382E9698C400DF8FC4 /* AnalysisKit */ = {
			isa = XCSwiftPackageProductDependency;
			productName = AnalysisKit;
		};
		A5BB553B2E9698C700DF8FC4 /* DarwinKit */ = {
			isa = XCSwiftPackageProductDependency;
			productName = DarwinKit;
		};
		A5BB553E2E9698CA00DF8FC4 /* DataKit */ = {
			isa = XCSwiftPackageProductDependency;
			productName = DataKit;
		};
		A5BB55412E9698CD00DF8FC4 /* DebugKit */ = {
			isa = XCSwiftPackageProductDependency;
			productName = DebugKit;
		};
		A5BB55442E9698CF00DF8FC4 /* DisassemblyKit */ = {
			isa = XCSwiftPackageProductDependency;
			productName = DisassemblyKit;
		};
		A5BB55472E9698D300DF8FC4 /* FoundationKit */ = {
			isa = XCSwiftPackageProductDependency;
			productName = FoundationKit;
		};
		A5BB554A2E9698D800DF8FC4 /* GraphKit */ = {
			isa = XCSwiftPackageProductDependency;
			productName = GraphKit;
		};
		A5BB55502E9698E000DF8FC4 /* PluginKit */ = {
			isa = XCSwiftPackageProductDependency;
			productName = PluginKit;
		};
		A5BB55532E9698E400DF8FC4 /* SwiftUIKit */ = {
			isa = XCSwiftPackageProductDependency;
			productName = SwiftUIKit;
		};
		A5BB55562E9698E900DF8FC4 /* SyntaxKit */ = {
			isa = XCSwiftPackageProductDependency;
			productName = SyntaxKit;
		};
/* End XCSwiftPackageProductDependency section */
	};
	rootObject = A58CE8372E8F1C6E00106697 /* Project object */;
}
